github.com/go-gl/gl v0.0.0-20180407155706-68e253793080 h1:pNxZva3052YM+z2p1aP08FgaTE2NzrRJZ5BHJCmKLzE=
github.com/go-gl/gl v0.0.0-20180407155706-68e253793080/go.mod h1:482civXOzJJCPzJ4ZOX/pwvXBWSnzD4OKMdH4ClKGbk=
github.com/go-gl/glfw v0.0.0-20180426074136-46a8d530c326 h1:QqWaXlVeUGwSH7hO8giZP2Y06Qjl1LWR+FWC22YQsU8=
github.com/go-gl/glfw v0.0.0-20180426074136-46a8d530c326/go.mod h1:vR7hzQXu2zJy9AVAgeJqvqgH9Q5CA+iKCZ2gyEVpxRU=
github.com/gopherjs/gopherjs v0.0.0-20180825215210-0210a2f0f73c h1:16eHWuMGvCjSfgRJKqIzapE78onvvTbdi1rMkU00lZw=
github.com/gopherjs/gopherjs v0.0.0-20180825215210-0210a2f0f73c/go.mod h1:wJfORRmW1u3UXTncJ5qlYoELFm8eSnnEO6hX4iZ3EWY=
github.com/goxjs/gl v0.0.0-20171128034433-dc8f4a9a3c9c h1:naEGFd9BJuTM/1m2lP07Bl9O7O6Jqe+bUplBfAwdygg=
github.com/goxjs/gl v0.0.0-20171128034433-dc8f4a9a3c9c/go.mod h1:dy/f2gjY09hwVfIyATps4G2ai7/hLwLkc5TrPqONuXY=
github.com/goxjs/glfw v0.0.0-20171018044755-7dec05603e06 h1:6jKIS84Kj8pXaqte+73xLvaT+OGt0+fs+TbFczltZP0=
github.com/goxjs/glfw v0.0.0-20171018044755-7dec05603e06/go.mod h1:oS8P8gVOT4ywTcjV6wZlOU4GuVFQ8F5328KY3MJ79CY=
github.com/jakecoffman/cp v0.1.0 h1:sgSYEGUgfwiT447fRjloa2c5b6UyYP+7muR3gQK+Ep0=
github.com/jakecoffman/cp v0.1.0/go.mod h1:a3xPx9N8RyFAACD644t2dj/nK4SuLg1v+jL61m2yVo4=
github.com/pkg/errors v0.0.0-20180311214515-816c9085562c h1:F5RoIh7F9wB47PvXvpP1+Ihq1TkyC8iRdvwfKkESEZQ=
github.com/pkg/errors v0.0.0-20180311214515-816c9085562c/go.mod h1:bwawxfHBFNV+L2hUp1rHADufV3IMtnDRdf1r5NINEl0=
github.com/scgolang/midi v0.0.0-20170917152355-b35e2e966936 h1:RQFY/fazWcS3l6wYXxo4+g/aODZ986hVIT2JtzwlBNM=
github.com/scgolang/midi v0.0.0-20170917152355-b35e2e966936/go.mod h1:ur2Ay6ad9oWPNFuGq4oQ6u75uZIjZfDdhozbGHnTcfQ=
github.com/shibukawa/nanovgo v0.0.0-20160822101109-9141d09b3652 h1:7ORiLBcdIPEjwwbbjUpYIvy3Z6syqAhnfY/3m5DSs5M=
github.com/shibukawa/nanovgo v0.0.0-20160822101109-9141d09b3652/go.mod h1:A/HWQKoHKEbx5r+LI6Lns9g6vSROSGw59APgU2Zr+Cc=
honnef.co/go/js/console v0.0.0-20150119023344-105276c43558 h1:h/U4Bu3p/OB5OvK6+7cXA1oleuDeFzZOTHuwZjMT36A=
honnef.co/go/js/console v0.0.0-20150119023344-105276c43558/go.mod h1:K5NtVTubnQQDVBcHCysv3MwAde+idPmWBeXxpHczwcU=
honnef.co/go/js/dom v0.0.0-20180323154144-6da835bec70f h1:8wvPTUK0UjW0bwvb0Q2mdhzSf78P6dXQI6mE9v+jJvI=
honnef.co/go/js/dom v0.0.0-20180323154144-6da835bec70f/go.mod h1:sUMDUKNB2ZcVjt92UnLy3cdGs+wDAcrPdV3JP6sVgA4=
